{
  "nodes": {
    "flake-utils": {
      "locked": {
        "lastModified": 1659877975,
        "narHash": "sha256-zllb8aq3YO3h8B/U0/J1WBgAL8EX5yWf5pMj3G0NAmc=",
        "owner": "numtide",
        "repo": "flake-utils",
        "rev": "c0e246b9b83f637f4681389ecabcb2681b4f3af0",
        "type": "github"
      },
      "original": {
        "owner": "numtide",
        "repo": "flake-utils",
        "type": "github"
      }
    },
    "flake-utils_2": {
      "locked": {
        "lastModified": 1659877975,
        "narHash": "sha256-zllb8aq3YO3h8B/U0/J1WBgAL8EX5yWf5pMj3G0NAmc=",
        "owner": "numtide",
        "repo": "flake-utils",
        "rev": "c0e246b9b83f637f4681389ecabcb2681b4f3af0",
        "type": "github"
      },
      "original": {
        "owner": "numtide",
        "repo": "flake-utils",
        "type": "github"
      }
    },
    "nixpkgs": {
      "locked": {
        "lastModified": 1662286737,
        "narHash": "sha256-nH/yxStvpgkfg1PAvyiw4wd/Kijr+CBmwRTjxXyYOZw=",
        "owner": "NixOS",
        "repo": "nixpkgs",
        "rev": "e6a9583fb1193ca92a42dd0fbeeca01a5447ff72",
        "type": "github"
      },
      "original": {
        "owner": "NixOS",
        "repo": "nixpkgs",
        "type": "github"
      }
    },
    "nixpkgs_2": {
      "locked": {
        "lastModified": 1662286737,
        "narHash": "sha256-nH/yxStvpgkfg1PAvyiw4wd/Kijr+CBmwRTjxXyYOZw=",
        "owner": "NixOS",
        "repo": "nixpkgs",
        "rev": "e6a9583fb1193ca92a42dd0fbeeca01a5447ff72",
        "type": "github"
      },
      "original": {
        "owner": "NixOS",
        "repo": "nixpkgs",
        "type": "github"
      }
    },
    "root": {
      "inputs": {
        "flake-utils": "flake-utils",
        "nixpkgs": "nixpkgs",
        "yarl": "yarl"
      }
    },
    "yarl": {
      "inputs": {
        "flake-utils": "flake-utils_2",
        "nixpkgs": "nixpkgs_2"
      },
      "locked": {
        "lastModified": 1662903740,
        "narHash": "sha256-Ral7VhsrVK+rbrC7QF8do0DQREPlPxucu0iieyxFzyI=",
        "owner": "blackheaven",
        "repo": "yarl",
        "rev": "9ce7b391e7c207de4593cc3b683e27ec5e9396a1",
        "type": "github"
      },
      "original": {
        "owner": "blackheaven",
        "repo": "yarl",
        "type": "github"
      }
    }
  },
  "root": "root",
  "version": 7
}
